// !$*UTF8*$!
{
	archiveVersion = 1;
	classes = {
	};
	objectVersion = 46;
	objects = {

/* Begin PBXBuildFile section */
		2A51605A1ED228210067F281 /* AppDelegate.swift in Sources */ = {isa = PBXBuildFile; fileRef = 2A5160591ED228210067F281 /* AppDelegate.swift */; };
		2A51605C1ED228210067F281 /* ViewController.swift in Sources */ = {isa = PBXBuildFile; fileRef = 2A51605B1ED228210067F281 /* ViewController.swift */; };
		2A51605F1ED228210067F281 /* Main.storyboard in Resources */ = {isa = PBXBuildFile; fileRef = 2A51605D1ED228210067F281 /* Main.storyboard */; };
		2A5160611ED228210067F281 /* Assets.xcassets in Resources */ = {isa = PBXBuildFile; fileRef = 2A5160601ED228210067F281 /* Assets.xcassets */; };
		2A5160641ED228210067F281 /* LaunchScreen.storyboard in Resources */ = {isa = PBXBuildFile; fileRef = 2A5160621ED228210067F281 /* LaunchScreen.storyboard */; };
		2A51606C1ED2344C0067F281 /* CollectionViewController.swift in Sources */ = {isa = PBXBuildFile; fileRef = 2A51606B1ED2344C0067F281 /* CollectionViewController.swift */; };
		2A51606E1ED234850067F281 /* CollectionViewCell.swift in Sources */ = {isa = PBXBuildFile; fileRef = 2A51606D1ED234850067F281 /* CollectionViewCell.swift */; };
/* End PBXBuildFile section */

/* Begin PBXFileReference section */
		2A5160561ED228210067F281 /* instagramCollection.app */ = {isa = PBXFileReference; explicitFileType = wrapper.application; includeInIndex = 0; path = instagramCollection.app; sourceTree = BUILT_PRODUCTS_DIR; };
		2A5160591ED228210067F281 /* AppDelegate.swift */ = {isa = PBXFileReference; lastKnownFileType = sourcecode.swift; path = AppDelegate.swift; sourceTree = "<group>"; };
		2A51605B1ED228210067F281 /* ViewController.swift */ = {isa = PBXFileReference; lastKnownFileType = sourcecode.swift; path = ViewController.swift; sourceTree = "<group>"; };
		2A51605E1ED228210067F281 /* Base */ = {isa = PBXFileReference; lastKnownFileType = file.storyboard; name = Base; path = Base.lproj/Main.storyboard; sourceTree = "<group>"; };
		2A5160601ED228210067F281 /* Assets.xcassets */ = {isa = PBXFileReference; lastKnownFileType = folder.assetcatalog; path = Assets.xcassets; sourceTree = "<group>"; };
		2A5160631ED228210067F281 /* Base */ = {isa = PBXFileReference; lastKnownFileType = file.storyboard; name = Base; path = Base.lproj/LaunchScreen.storyboard; sourceTree = "<group>"; };
		2A5160651ED228210067F281 /* Info.plist */ = {isa = PBXFileReference; lastKnownFileType = text.plist.xml; path = Info.plist; sourceTree = "<group>"; };
		2A51606B1ED2344C0067F281 /* CollectionViewController.swift */ = {isa = PBXFileReference; fileEncoding = 4; lastKnownFileType = sourcecode.swift; path = CollectionViewController.swift; sourceTree = "<group>"; };
		2A51606D1ED234850067F281 /* CollectionViewCell.swift */ = {isa = PBXFileReference; fileEncoding = 4; lastKnownFileType = sourcecode.swift; path = CollectionViewCell.swift; sourceTree = "<group>"; };
/* End PBXFileReference section */

/* Begin PBXFrameworksBuildPhase section */
		2A5160531ED228210067F281 /* Frameworks */ = {
			isa = PBXFrameworksBuildPhase;
			buildActionMask = 2147483647;
			files = (
			);
			runOnlyForDeploymentPostprocessing = 0;
		};
/* End PBXFrameworksBuildPhase section */

/* Begin PBXGroup section */
		2A51604D1ED228210067F281 = {
			isa = PBXGroup;
			children = (
				2A5160581ED228210067F281 /* instagramCollection */,
				2A5160571ED228210067F281 /* Products */,
			);
			sourceTree = "<group>";
		};
		2A5160571ED228210067F281 /* Products */ = {
			isa = PBXGroup;
			children = (
				2A5160561ED228210067F281 /* instagramCollection.app */,
			);
			name = Products;
			sourceTree = "<group>";
		};
		2A5160581ED228210067F281 /* instagramCollection */ = {
			isa = PBXGroup;
			children = (
				2A5160591ED228210067F281 /* AppDelegate.swift */,
				2A51605B1ED228210067F281 /* ViewController.swift */,
				2A51605D1ED228210067F281 /* Main.storyboard */,
				2A5160601ED228210067F281 /* Assets.xcassets */,
				2A5160621ED228210067F281 /* LaunchScreen.storyboard */,
				2A5160651ED228210067F281 /* Info.plist */,
				2A51606B1ED2344C0067F281 /* CollectionViewController.swift */,
				2A51606D1ED234850067F281 /* CollectionViewCell.swift */,
			);
			path = instagramCollection;
			sourceTree = "<group>";
		};
/* End PBXGroup section */

/* Begin PBXNativeTarget section */
		2A5160551ED228210067F281 /* instagramCollection */ = {
			isa = PBXNativeTarget;
			buildConfigurationList = 2A5160681ED228210067F281 /* Build configuration list for PBXNativeTarget "instagramCollection" */;
			buildPhases = (
				2A5160521ED228210067F281 /* Sources */,
				2A5160531ED228210067F281 /* Frameworks */,
				2A5160541ED228210067F281 /* Resources */,
			);
			buildRules = (
			);
			dependencies = (
			);
			name = instagramCollection;
			productName = instagramCollection;
			productReference = 2A5160561ED228210067F281 /* instagramCollection.app */;
			productType = "com.apple.product-type.application";
		};
/* End PBXNativeTarget section */

/* Begin PBXProject section */
		2A51604E1ED228210067F281 /* Project object */ = {
			isa = PBXProject;
			attributes = {
				LastSwiftUpdateCheck = 0830;
				LastUpgradeCheck = 0830;
				ORGANIZATIONNAME = "Lydell Simmons";
				TargetAttributes = {
					2A5160551ED228210067F281 = {
						CreatedOnToolsVersion = 8.3.2;
						ProvisioningStyle = Automatic;
					};
				};
			};
			buildConfigurationList = 2A5160511ED228210067F281 /* Build configuration list for PBXProject "instagramCollection" */;
			compatibilityVersion = "Xcode 3.2";
			developmentRegion = English;
			hasScannedForEncodings = 0;
			knownRegions = (
				en,
				Base,
			);
			mainGroup = 2A51604D1ED228210067F281;
			productRefGroup = 2A5160571ED228210067F281 /* Products */;
			projectDirPath = "";
			projectRoot = "";
			targets = (
				2A5160551ED228210067F281 /* instagramCollection */,
			);
		};
/* End PBXProject section */

/* Begin PBXResourcesBuildPhase section */
		2A5160541ED228210067F281 /* Resources */ = {
			isa = PBXResourcesBuildPhase;
			buildActionMask = 2147483647;
			files = (
				2A5160641ED228210067F281 /* LaunchScreen.storyboard in Resources */,
				2A5160611ED228210067F281 /* Assets.xcassets in Resources */,
				2A51605F1ED228210067F281 /* Main.storyboard in Resources */,
			);
			runOnlyForDeploymentPostprocessing = 0;
		};
/* End PBXResourcesBuildPhase section */

/* Begin PBXSourcesBuildPhase section */
		2A5160521ED228210067F281 /* Sources */ = {
			isa = PBXSourcesBuildPhase;
			buildActionMask = 2147483647;
			files = (
				2A51606C1ED2344C0067F281 /* CollectionViewController.swift in Sources */,
				2A51605C1ED228210067F281 /* ViewController.swift in Sources */,
				2A51606E1ED234850067F281 /* CollectionViewCell.swift in Sources */,
				2A51605A1ED228210067F281 /* AppDelegate.swift in Sources */,
			);
			runOnlyForDeploymentPostprocessing = 0;
		};
/* End PBXSourcesBuildPhase section */

/* Begin PBXVariantGroup section */
		2A51605D1ED228210067F281 /* Main.storyboard */ = {
			isa = PBXVariantGroup;
			children = (
				2A51605E1ED228210067F281 /* Base */,
			);
			name = Main.storyboard;
			sourceTree = "<group>";
		};
		2A5160621ED228210067F281 /* LaunchScreen.storyboard */ = {
			isa = PBXVariantGroup;
			children = (
				2A5160631ED228210067F281 /* Base */,
			);
			name = LaunchScreen.storyboard;
			sourceTree = "<group>";
		};
/* End PBXVariantGroup section */

/* Begin XCBuildConfiguration section */
		2A5160661ED228210067F281 /* Debug */ = {
			isa = XCBuildConfiguration;
			buildSettings = {
				ALWAYS_SEARCH_USER_PATHS = NO;
				CLANG_ANALYZER_NONNULL = YES;
				CLANG_ANALYZER_NUMBER_OBJECT_CONVERSION = YES_AGGRESSIVE;
				CLANG_CXX_LANGUAGE_STANDARD = "gnu++0x";
				CLANG_CXX_LIBRARY = "libc++";
				CLANG_ENABLE_MODULES = YES;
				CLANG_ENABLE_OBJC_ARC = YES;
				CLANG_WARN_BOOL_CONVERSION = YES;
				CLANG_WARN_CONSTANT_CONVERSION = YES;
				CLANG_WARN_DIRECT_OBJC_ISA_USAGE = YES_ERROR;
				CLANG_WARN_DOCUMENTATION_COMMENTS = YES;
				CLANG_WARN_EMPTY_BODY = YES;
				CLANG_WARN_ENUM_CONVERSION = YES;
				CLANG_WARN_INFINITE_RECURSION = YES;
				CLANG_WARN_INT_CONVERSION = YES;
				CLANG_WARN_OBJC_ROOT_CLASS = YES_ERROR;
				CLANG_WARN_SUSPICIOUS_MOVE = YES;
				CLANG_WARN_UNREACHABLE_CODE = YES;
				CLANG_WARN__DUPLICATE_METHOD_MATCH = YES;
				"CODE_SIGN_IDENTITY[sdk=iphoneos*]" = "iPhone Developer";
				COPY_PHASE_STRIP = NO;
				DEBUG_INFORMATION_FORMAT = dwarf;
				ENABLE_STRICT_OBJC_MSGSEND = YES;
				ENABLE_TESTABILITY = YES;
				GCC_C_LANGUAGE_STANDARD = gnu99;
				GCC_DYNAMIC_NO_PIC = NO;
				GCC_NO_COMMON_BLOCKS = YES;
				GCC_OPTIMIZATION_LEVEL = 0;
				GCC_PREPROCESSOR_DEFINITIONS = (
					"DEBUG=1",
					"$(inherited)",
				);
				GCC_WARN_64_TO_32_BIT_CONVERSION = YES;
				GCC_WARN_ABOUT_RETURN_TYPE = YES_ERROR;
				GCC_WARN_UNDECLARED_SELECTOR = YES;
				GCC_WARN_UNINITIALIZED_AUTOS = YES_AGGRESSIVE;
				GCC_WARN_UNUSED_FUNCTION = YES;
				GCC_WARN_UNUSED_VARIABLE = YES;
				IPHONEOS_DEPLOYMENT_TARGET = 10.3;
				MTL_ENABLE_DEBUG_INFO = YES;
				ONLY_ACTIVE_ARCH = YES;
				SDKROOT = iphoneos;
				SWIFT_ACTIVE_COMPILATION_CONDITIONS = DEBUG;
				SWIFT_OPTIMIZATION_LEVEL = "-Onone";
				TARGETED_DEVICE_FAMILY = "1,2";
			};
			name = Debug;
		};
		2A5160671ED228210067F281 /* Release */ = {
			isa = XCBuildConfiguration;
			buildSettings = {
				ALWAYS_SEARCH_USER_PATHS = NO;
				CLANG_ANALYZER_NONNULL = YES;
				CLANG_ANALYZER_NUMBER_OBJECT_CONVERSION = YES_AGGRESSIVE;
				CLANG_CXX_LANGUAGE_STANDARD = "gnu++0x";
				CLANG_CXX_LIBRARY = "libc++";
				CLANG_ENABLE_MODULES = YES;
				CLANG_ENABLE_OBJC_ARC = YES;
				CLANG_WARN_BOOL_CONVERSION = YES;
				CLANG_WARN_CONSTANT_CONVERSION = YES;
				CLANG_WARN_DIRECT_OBJC_ISA_USAGE = YES_ERROR;
				CLANG_WARN_DOCUMENTATION_COMMENTS = YES;
				CLANG_WARN_EMPTY_BODY = YES;
				CLANG_WARN_ENUM_CONVERSION = YES;
				CLANG_WARN_INFINITE_RECURSION = YES;
				CLANG_WARN_INT_CONVERSION = YES;
				CLANG_WARN_OBJC_ROOT_CLASS = YES_ERROR;
				CLANG_WARN_SUSPICIOUS_MOVE = YES;
				CLANG_WARN_UNREACHABLE_CODE = YES;
				CLANG_WARN__DUPLICATE_METHOD_MATCH = YES;
				"CODE_SIGN_IDENTITY[sdk=iphoneos*]" = "iPhone Developer";
				COPY_PHASE_STRIP = NO;
				DEBUG_INFORMATION_FORMAT = "dwarf-with-dsym";
				ENABLE_NS_ASSERTIONS = NO;
				ENABLE_STRICT_OBJC_MSGSEND = YES;
				GCC_C_LANGUAGE_STANDARD = gnu99;
				GCC_NO_COMMON_BLOCKS = YES;
				GCC_WARN_64_TO_32_BIT_CONVERSION = YES;
				GCC_WARN_ABOUT_RETURN_TYPE = YES_ERROR;
				GCC_WARN_UNDECLARED_SELECTOR = YES;
				GCC_WARN_UNINITIALIZED_AUTOS = YES_AGGRESSIVE;
				GCC_WARN_UNUSED_FUNCTION = YES;
				GCC_WARN_UNUSED_VARIABLE = YES;
				IPHONEOS_DEPLOYMENT_TARGET = 10.3;
				MTL_ENABLE_DEBUG_INFO = NO;
				SDKROOT = iphoneos;
				SWIFT_OPTIMIZATION_LEVEL = "-Owholemodule";
				TARGETED_DEVICE_FAMILY = "1,2";
				VALIDATE_PRODUCT = YES;
			};
			name = Release;
		};
		2A5160691ED228210067F281 /* Debug */ = {
			isa = XCBuildConfiguration;
			buildSettings = {
				ASSETCATALOG_COMPILER_APPICON_NAME = AppIcon;
				INFOPLIST_FILE = instagramCollection/Info.plist;
				LD_RUNPATH_SEARCH_PATHS = "$(inherited) @executable_path/Frameworks";
				PRODUCT_BUNDLE_IDENTIFIER = dell.instagramCollection;
				PRODUCT_NAME = "$(TARGET_NAME)";
				SWIFT_VERSION = 3.0;
			};
			name = Debug;
		};
		2A51606A1ED228210067F281 /* Release */ = {
			isa = XCBuildConfiguration;
			buildSettings = {
				ASSETCATALOG_COMPILER_APPICON_NAME = AppIcon;
				INFOPLIST_FILE = instagramCollection/Info.plist;
				LD_RUNPATH_SEARCH_PATHS = "$(inherited) @executable_path/Frameworks";
				PRODUCT_BUNDLE_IDENTIFIER = dell.instagramCollection;
				PRODUCT_NAME = "$(TARGET_NAME)";
				SWIFT_VERSION = 3.0;
			};
			name = Release;
		};
/* End XCBuildConfiguration section */

/* Begin XCConfigurationList section */
		2A5160511ED228210067F281 /* Build configuration list for PBXProject "instagramCollection" */ = {
			isa = XCConfigurationList;
			buildConfigurations = (
				2A5160661ED228210067F281 /* Debug */,
				2A5160671ED228210067F281 /* Release */,
			);
			defaultConfigurationIsVisible = 0;
			defaultConfigurationName = Release;
		};
		2A5160681ED228210067F281 /* Build configuration list for PBXNativeTarget "instagramCollection" */ = {
			isa = XCConfigurationList;
			buildConfigurations = (
				2A5160691ED228210067F281 /* Debug */,
				2A51606A1ED228210067F281 /* Release */,
			);
			defaultConfigurationIsVisible = 0;
		};
/* End XCConfigurationList section */
	};
	rootObject = 2A51604E1ED228210067F281 /* Project object */;
}
